
Microsoft Visual Studio Solution File, Format Version 12.00
# Visual Studio 15
VisualStudioVersion = 15.0.27130.2027
MinimumVisualStudioVersion = 10.0.40219.1
Project("{FAE04EC0-301F-11D3-BF4B-00C04F79EFBC}") = "UiPathTeam.GenerateRandomPassword.Activities", "UiPathTeam.GenerateRandomPassword.Activities\UiPathTeam.GenerateRandomPassword.Activities.csproj", "{D05A976D-12FC-4D8C-BC9F-EFC4EA76F133}"
EndProject
Project("{FAE04EC0-301F-11D3-BF4B-00C04F79EFBC}") = "UiPathTeam.GenerateRandomPassword.Activities.Tests", "UiPathTeam.GenerateRandomPassword.Activities.Tests\UiPathTeam.GenerateRandomPassword.Activities.Tests.csproj", "{1755A40F-008C-4CF0-AE6F-CB9F17623B02}"
EndProject
Global
	GlobalSection(SolutionConfigurationPlatforms) = preSolution
		Debug|Any CPU = Debug|Any CPU
		Release|Any CPU = Release|Any CPU
	EndGlobalSection
	GlobalSection(ProjectConfigurationPlatforms) = postSolution
		{D05A976D-12FC-4D8C-BC9F-EFC4EA76F133}.Debug|Any CPU.ActiveCfg = Debug|Any CPU
		{D05A976D-12FC-4D8C-BC9F-EFC4EA76F133}.Debug|Any CPU.Build.0 = Debug|Any CPU
		{D05A976D-12FC-4D8C-BC9F-EFC4EA76F133}.Release|Any CPU.ActiveCfg = Release|Any CPU
		{D05A976D-12FC-4D8C-BC9F-EFC4EA76F133}.Release|Any CPU.Build.0 = Release|Any CPU
		{1755A40F-008C-4CF0-AE6F-CB9F17623B02}.Debug|Any CPU.ActiveCfg = Debug|Any CPU
		{1755A40F-008C-4CF0-AE6F-CB9F17623B02}.Debug|Any CPU.Build.0 = Debug|Any CPU
		{1755A40F-008C-4CF0-AE6F-CB9F17623B02}.Release|Any CPU.ActiveCfg = Release|Any CPU
		{1755A40F-008C-4CF0-AE6F-CB9F17623B02}.Release|Any CPU.Build.0 = Release|Any CPU
	EndGlobalSection
	GlobalSection(SolutionProperties) = preSolution
		HideSolutionNode = FALSE
	EndGlobalSection
	GlobalSection(ExtensibilityGlobals) = postSolution
		SolutionGuid = {1531DD5D-B1EA-4103-821E-E98C6F628CCA}
	EndGlobalSection
EndGlobal
